# This file is autogenerated, do not edit; changes may be undone by the next 'dep ensure'.


[[projects]]
  branch = "master"
  digest = "1:563569524c7d4c4be853b9a719c9a804fb19492f738b94cbf808ce72816701d1"
  name = "github.com/xlab/treeprint"
  packages = ["."]
  pruneopts = ""
  revision = "a009c3971eca89777614839eb7f69abed3ea3959"

[[projects]]
  branch = "master"
  digest = "1:5462386895a322b94a79a5de7314310edbd5f4d15f851ae032f146b2c951b3de"
  name = "golang.org/x/crypto"
  packages = ["ssh/terminal"]
  pruneopts = ""
  revision = "74369b46fc6756741c016591724fd1cb8e26845f"

[[projects]]
  branch = "master"
  digest = "1:c05d7df4515a5ade109706194fbda5cfd23c1754b26e17b012281c2d247c01d9"
  name = "golang.org/x/sys"
  packages = [
    "unix",
    "windows",
  ]
  pruneopts = ""
  revision = "3b5209105503162ded1863c307ac66fec31120dd"

[solve-meta]
  analyzer-name = "dep"
  analyzer-version = 1
  input-imports = [
    "github.com/xlab/treeprint",
    "golang.org/x/crypto/ssh/terminal",
  ]
  solver-name = "gps-cdcl"
  solver-version = 1
